// !$*UTF8*$!
{
	archiveVersion = 1;
	classes = {
	};
	objectVersion = 46;
	objects = {

/* Begin PBXBuildFile section */
		9077295C1EAF950200A9E6B6 /* main.m in Sources */ = {isa = PBXBuildFile; fileRef = 9077295B1EAF950200A9E6B6 /* main.m */; };
		9077295F1EAF950200A9E6B6 /* AppDelegate.m in Sources */ = {isa = PBXBuildFile; fileRef = 9077295E1EAF950200A9E6B6 /* AppDelegate.m */; };
		907729621EAF950200A9E6B6 /* MasterViewController.m in Sources */ = {isa = PBXBuildFile; fileRef = 907729611EAF950200A9E6B6 /* MasterViewController.m */; };
		907729651EAF950200A9E6B6 /* DetailViewController.m in Sources */ = {isa = PBXBuildFile; fileRef = 907729641EAF950200A9E6B6 /* DetailViewController.m */; };
		907729681EAF950200A9E6B6 /* Main.storyboard in Resources */ = {isa = PBXBuildFile; fileRef = 907729661EAF950200A9E6B6 /* Main.storyboard */; };
		9077296A1EAF950200A9E6B6 /* Assets.xcassets in Resources */ = {isa = PBXBuildFile; fileRef = 907729691EAF950200A9E6B6 /* Assets.xcassets */; };
		9077296D1EAF950200A9E6B6 /* LaunchScreen.storyboard in Resources */ = {isa = PBXBuildFile; fileRef = 9077296B1EAF950200A9E6B6 /* LaunchScreen.storyboard */; };
		907729781EAF950200A9E6B6 /* CollectEmAllTests.m in Sources */ = {isa = PBXBuildFile; fileRef = 907729771EAF950200A9E6B6 /* CollectEmAllTests.m */; };
		907729831EAF950200A9E6B6 /* CollectEmAllUITests.m in Sources */ = {isa = PBXBuildFile; fileRef = 907729821EAF950200A9E6B6 /* CollectEmAllUITests.m */; };
/* End PBXBuildFile section */

/* Begin PBXContainerItemProxy section */
		907729741EAF950200A9E6B6 /* PBXContainerItemProxy */ = {
			isa = PBXContainerItemProxy;
			containerPortal = 9077294F1EAF950200A9E6B6 /* Project object */;
			proxyType = 1;
			remoteGlobalIDString = 907729561EAF950200A9E6B6;
			remoteInfo = CollectEmAll;
		};
		9077297F1EAF950200A9E6B6 /* PBXContainerItemProxy */ = {
			isa = PBXContainerItemProxy;
			containerPortal = 9077294F1EAF950200A9E6B6 /* Project object */;
			proxyType = 1;
			remoteGlobalIDString = 907729561EAF950200A9E6B6;
			remoteInfo = CollectEmAll;
		};
/* End PBXContainerItemProxy section */

/* Begin PBXFileReference section */
		907729571EAF950200A9E6B6 /* CollectEmAll.app */ = {isa = PBXFileReference; explicitFileType = wrapper.application; includeInIndex = 0; path = CollectEmAll.app; sourceTree = BUILT_PRODUCTS_DIR; };
		9077295B1EAF950200A9E6B6 /* main.m */ = {isa = PBXFileReference; lastKnownFileType = sourcecode.c.objc; path = main.m; sourceTree = "<group>"; };
		9077295D1EAF950200A9E6B6 /* AppDelegate.h */ = {isa = PBXFileReference; lastKnownFileType = sourcecode.c.h; path = AppDelegate.h; sourceTree = "<group>"; };
		9077295E1EAF950200A9E6B6 /* AppDelegate.m */ = {isa = PBXFileReference; lastKnownFileType = sourcecode.c.objc; path = AppDelegate.m; sourceTree = "<group>"; };
		907729601EAF950200A9E6B6 /* MasterViewController.h */ = {isa = PBXFileReference; lastKnownFileType = sourcecode.c.h; path = MasterViewController.h; sourceTree = "<group>"; };
		907729611EAF950200A9E6B6 /* MasterViewController.m */ = {isa = PBXFileReference; lastKnownFileType = sourcecode.c.objc; path = MasterViewController.m; sourceTree = "<group>"; };
		907729631EAF950200A9E6B6 /* DetailViewController.h */ = {isa = PBXFileReference; lastKnownFileType = sourcecode.c.h; path = DetailViewController.h; sourceTree = "<group>"; };
		907729641EAF950200A9E6B6 /* DetailViewController.m */ = {isa = PBXFileReference; lastKnownFileType = sourcecode.c.objc; path = DetailViewController.m; sourceTree = "<group>"; };
		907729671EAF950200A9E6B6 /* Base */ = {isa = PBXFileReference; lastKnownFileType = file.storyboard; name = Base; path = Base.lproj/Main.storyboard; sourceTree = "<group>"; };
		907729691EAF950200A9E6B6 /* Assets.xcassets */ = {isa = PBXFileReference; lastKnownFileType = folder.assetcatalog; path = Assets.xcassets; sourceTree = "<group>"; };
		9077296C1EAF950200A9E6B6 /* Base */ = {isa = PBXFileReference; lastKnownFileType = file.storyboard; name = Base; path = Base.lproj/LaunchScreen.storyboard; sourceTree = "<group>"; };
		9077296E1EAF950200A9E6B6 /* Info.plist */ = {isa = PBXFileReference; lastKnownFileType = text.plist.xml; path = Info.plist; sourceTree = "<group>"; };
		907729731EAF950200A9E6B6 /* CollectEmAllTests.xctest */ = {isa = PBXFileReference; explicitFileType = wrapper.cfbundle; includeInIndex = 0; path = CollectEmAllTests.xctest; sourceTree = BUILT_PRODUCTS_DIR; };
		907729771EAF950200A9E6B6 /* CollectEmAllTests.m */ = {isa = PBXFileReference; lastKnownFileType = sourcecode.c.objc; path = CollectEmAllTests.m; sourceTree = "<group>"; };
		907729791EAF950200A9E6B6 /* Info.plist */ = {isa = PBXFileReference; lastKnownFileType = text.plist.xml; path = Info.plist; sourceTree = "<group>"; };
		9077297E1EAF950200A9E6B6 /* CollectEmAllUITests.xctest */ = {isa = PBXFileReference; explicitFileType = wrapper.cfbundle; includeInIndex = 0; path = CollectEmAllUITests.xctest; sourceTree = BUILT_PRODUCTS_DIR; };
		907729821EAF950200A9E6B6 /* CollectEmAllUITests.m */ = {isa = PBXFileReference; lastKnownFileType = sourcecode.c.objc; path = CollectEmAllUITests.m; sourceTree = "<group>"; };
		907729841EAF950200A9E6B6 /* Info.plist */ = {isa = PBXFileReference; lastKnownFileType = text.plist.xml; path = Info.plist; sourceTree = "<group>"; };
/* End PBXFileReference section */

/* Begin PBXFrameworksBuildPhase section */
		907729541EAF950200A9E6B6 /* Frameworks */ = {
			isa = PBXFrameworksBuildPhase;
			buildActionMask = 2147483647;
			files = (
			);
			runOnlyForDeploymentPostprocessing = 0;
		};
		907729701EAF950200A9E6B6 /* Frameworks */ = {
			isa = PBXFrameworksBuildPhase;
			buildActionMask = 2147483647;
			files = (
			);
			runOnlyForDeploymentPostprocessing = 0;
		};
		9077297B1EAF950200A9E6B6 /* Frameworks */ = {
			isa = PBXFrameworksBuildPhase;
			buildActionMask = 2147483647;
			files = (
			);
			runOnlyForDeploymentPostprocessing = 0;
		};
/* End PBXFrameworksBuildPhase section */

/* Begin PBXGroup section */
		9077294E1EAF950200A9E6B6 = {
			isa = PBXGroup;
			children = (
				907729591EAF950200A9E6B6 /* CollectEmAll */,
				907729761EAF950200A9E6B6 /* CollectEmAllTests */,
				907729811EAF950200A9E6B6 /* CollectEmAllUITests */,
				907729581EAF950200A9E6B6 /* Products */,
			);
			sourceTree = "<group>";
		};
		907729581EAF950200A9E6B6 /* Products */ = {
			isa = PBXGroup;
			children = (
				907729571EAF950200A9E6B6 /* CollectEmAll.app */,
				907729731EAF950200A9E6B6 /* CollectEmAllTests.xctest */,
				9077297E1EAF950200A9E6B6 /* CollectEmAllUITests.xctest */,
			);
			name = Products;
			sourceTree = "<group>";
		};
		907729591EAF950200A9E6B6 /* CollectEmAll */ = {
			isa = PBXGroup;
			children = (
				9077295D1EAF950200A9E6B6 /* AppDelegate.h */,
				9077295E1EAF950200A9E6B6 /* AppDelegate.m */,
				907729601EAF950200A9E6B6 /* MasterViewController.h */,
				907729611EAF950200A9E6B6 /* MasterViewController.m */,
				907729631EAF950200A9E6B6 /* DetailViewController.h */,
				907729641EAF950200A9E6B6 /* DetailViewController.m */,
				907729661EAF950200A9E6B6 /* Main.storyboard */,
				907729691EAF950200A9E6B6 /* Assets.xcassets */,
				9077296B1EAF950200A9E6B6 /* LaunchScreen.storyboard */,
				9077296E1EAF950200A9E6B6 /* Info.plist */,
				9077295A1EAF950200A9E6B6 /* Supporting Files */,
			);
			path = CollectEmAll;
			sourceTree = "<group>";
		};
		9077295A1EAF950200A9E6B6 /* Supporting Files */ = {
			isa = PBXGroup;
			children = (
				9077295B1EAF950200A9E6B6 /* main.m */,
			);
			name = "Supporting Files";
			sourceTree = "<group>";
		};
		907729761EAF950200A9E6B6 /* CollectEmAllTests */ = {
			isa = PBXGroup;
			children = (
				907729771EAF950200A9E6B6 /* CollectEmAllTests.m */,
				907729791EAF950200A9E6B6 /* Info.plist */,
			);
			path = CollectEmAllTests;
			sourceTree = "<group>";
		};
		907729811EAF950200A9E6B6 /* CollectEmAllUITests */ = {
			isa = PBXGroup;
			children = (
				907729821EAF950200A9E6B6 /* CollectEmAllUITests.m */,
				907729841EAF950200A9E6B6 /* Info.plist */,
			);
			path = CollectEmAllUITests;
			sourceTree = "<group>";
		};
/* End PBXGroup section */

/* Begin PBXNativeTarget section */
		907729561EAF950200A9E6B6 /* CollectEmAll */ = {
			isa = PBXNativeTarget;
			buildConfigurationList = 907729871EAF950200A9E6B6 /* Build configuration list for PBXNativeTarget "CollectEmAll" */;
			buildPhases = (
				907729531EAF950200A9E6B6 /* Sources */,
				907729541EAF950200A9E6B6 /* Frameworks */,
				907729551EAF950200A9E6B6 /* Resources */,
			);
			buildRules = (
			);
			dependencies = (
			);
			name = CollectEmAll;
			productName = CollectEmAll;
			productReference = 907729571EAF950200A9E6B6 /* CollectEmAll.app */;
			productType = "com.apple.product-type.application";
		};
		907729721EAF950200A9E6B6 /* CollectEmAllTests */ = {
			isa = PBXNativeTarget;
			buildConfigurationList = 9077298A1EAF950200A9E6B6 /* Build configuration list for PBXNativeTarget "CollectEmAllTests" */;
			buildPhases = (
				9077296F1EAF950200A9E6B6 /* Sources */,
				907729701EAF950200A9E6B6 /* Frameworks */,
				907729711EAF950200A9E6B6 /* Resources */,
			);
			buildRules = (
			);
			dependencies = (
				907729751EAF950200A9E6B6 /* PBXTargetDependency */,
			);
			name = CollectEmAllTests;
			productName = CollectEmAllTests;
			productReference = 907729731EAF950200A9E6B6 /* CollectEmAllTests.xctest */;
			productType = "com.apple.product-type.bundle.unit-test";
		};
		9077297D1EAF950200A9E6B6 /* CollectEmAllUITests */ = {
			isa = PBXNativeTarget;
			buildConfigurationList = 9077298D1EAF950200A9E6B6 /* Build configuration list for PBXNativeTarget "CollectEmAllUITests" */;
			buildPhases = (
				9077297A1EAF950200A9E6B6 /* Sources */,
				9077297B1EAF950200A9E6B6 /* Frameworks */,
				9077297C1EAF950200A9E6B6 /* Resources */,
			);
			buildRules = (
			);
			dependencies = (
				907729801EAF950200A9E6B6 /* PBXTargetDependency */,
			);
			name = CollectEmAllUITests;
			productName = CollectEmAllUITests;
			productReference = 9077297E1EAF950200A9E6B6 /* CollectEmAllUITests.xctest */;
			productType = "com.apple.product-type.bundle.ui-testing";
		};
/* End PBXNativeTarget section */

/* Begin PBXProject section */
		9077294F1EAF950200A9E6B6 /* Project object */ = {
			isa = PBXProject;
			attributes = {
				LastUpgradeCheck = 0830;
				ORGANIZATIONNAME = "Shane Nelson";
				TargetAttributes = {
					907729561EAF950200A9E6B6 = {
						CreatedOnToolsVersion = 8.3.2;
						ProvisioningStyle = Automatic;
					};
					907729721EAF950200A9E6B6 = {
						CreatedOnToolsVersion = 8.3.2;
						ProvisioningStyle = Automatic;
						TestTargetID = 907729561EAF950200A9E6B6;
					};
					9077297D1EAF950200A9E6B6 = {
						CreatedOnToolsVersion = 8.3.2;
						ProvisioningStyle = Automatic;
						TestTargetID = 907729561EAF950200A9E6B6;
					};
				};
			};
			buildConfigurationList = 907729521EAF950200A9E6B6 /* Build configuration list for PBXProject "CollectEmAll" */;
			compatibilityVersion = "Xcode 3.2";
			developmentRegion = English;
			hasScannedForEncodings = 0;
			knownRegions = (
				en,
				Base,
			);
			mainGroup = 9077294E1EAF950200A9E6B6;
			productRefGroup = 907729581EAF950200A9E6B6 /* Products */;
			projectDirPath = "";
			projectRoot = "";
			targets = (
				907729561EAF950200A9E6B6 /* CollectEmAll */,
				907729721EAF950200A9E6B6 /* CollectEmAllTests */,
				9077297D1EAF950200A9E6B6 /* CollectEmAllUITests */,
			);
		};
/* End PBXProject section */

/* Begin PBXResourcesBuildPhase section */
		907729551EAF950200A9E6B6 /* Resources */ = {
			isa = PBXResourcesBuildPhase;
			buildActionMask = 2147483647;
			files = (
				9077296D1EAF950200A9E6B6 /* LaunchScreen.storyboard in Resources */,
				9077296A1EAF950200A9E6B6 /* Assets.xcassets in Resources */,
				907729681EAF950200A9E6B6 /* Main.storyboard in Resources */,
			);
			runOnlyForDeploymentPostprocessing = 0;
		};
		907729711EAF950200A9E6B6 /* Resources */ = {
			isa = PBXResourcesBuildPhase;
			buildActionMask = 2147483647;
			files = (
			);
			runOnlyForDeploymentPostprocessing = 0;
		};
		9077297C1EAF950200A9E6B6 /* Resources */ = {
			isa = PBXResourcesBuildPhase;
			buildActionMask = 2147483647;
			files = (
			);
			runOnlyForDeploymentPostprocessing = 0;
		};
/* End PBXResourcesBuildPhase section */

/* Begin PBXSourcesBuildPhase section */
		907729531EAF950200A9E6B6 /* Sources */ = {
			isa = PBXSourcesBuildPhase;
			buildActionMask = 2147483647;
			files = (
				9077295F1EAF950200A9E6B6 /* AppDelegate.m in Sources */,
				907729621EAF950200A9E6B6 /* MasterViewController.m in Sources */,
				9077295C1EAF950200A9E6B6 /* main.m in Sources */,
				907729651EAF950200A9E6B6 /* DetailViewController.m in Sources */,
			);
			runOnlyForDeploymentPostprocessing = 0;
		};
		9077296F1EAF950200A9E6B6 /* Sources */ = {
			isa = PBXSourcesBuildPhase;
			buildActionMask = 2147483647;
			files = (
				907729781EAF950200A9E6B6 /* CollectEmAllTests.m in Sources */,
			);
			runOnlyForDeploymentPostprocessing = 0;
		};
		9077297A1EAF950200A9E6B6 /* Sources */ = {
			isa = PBXSourcesBuildPhase;
			buildActionMask = 2147483647;
			files = (
				907729831EAF950200A9E6B6 /* CollectEmAllUITests.m in Sources */,
			);
			runOnlyForDeploymentPostprocessing = 0;
		};
/* End PBXSourcesBuildPhase section */

/* Begin PBXTargetDependency section */
		907729751EAF950200A9E6B6 /* PBXTargetDependency */ = {
			isa = PBXTargetDependency;
			target = 907729561EAF950200A9E6B6 /* CollectEmAll */;
			targetProxy = 907729741EAF950200A9E6B6 /* PBXContainerItemProxy */;
		};
		907729801EAF950200A9E6B6 /* PBXTargetDependency */ = {
			isa = PBXTargetDependency;
			target = 907729561EAF950200A9E6B6 /* CollectEmAll */;
			targetProxy = 9077297F1EAF950200A9E6B6 /* PBXContainerItemProxy */;
		};
/* End PBXTargetDependency section */

/* Begin PBXVariantGroup section */
		907729661EAF950200A9E6B6 /* Main.storyboard */ = {
			isa = PBXVariantGroup;
			children = (
				907729671EAF950200A9E6B6 /* Base */,
			);
			name = Main.storyboard;
			sourceTree = "<group>";
		};
		9077296B1EAF950200A9E6B6 /* LaunchScreen.storyboard */ = {
			isa = PBXVariantGroup;
			children = (
				9077296C1EAF950200A9E6B6 /* Base */,
			);
			name = LaunchScreen.storyboard;
			sourceTree = "<group>";
		};
/* End PBXVariantGroup section */

/* Begin XCBuildConfiguration section */
		907729851EAF950200A9E6B6 /* Debug */ = {
			isa = XCBuildConfiguration;
			buildSettings = {
				ALWAYS_SEARCH_USER_PATHS = NO;
				CLANG_ANALYZER_NONNULL = YES;
				CLANG_ANALYZER_NUMBER_OBJECT_CONVERSION = YES_AGGRESSIVE;
				CLANG_CXX_LANGUAGE_STANDARD = "gnu++0x";
				CLANG_CXX_LIBRARY = "libc++";
				CLANG_ENABLE_MODULES = YES;
				CLANG_ENABLE_OBJC_ARC = YES;
				CLANG_WARN_BOOL_CONVERSION = YES;
				CLANG_WARN_CONSTANT_CONVERSION = YES;
				CLANG_WARN_DIRECT_OBJC_ISA_USAGE = YES_ERROR;
				CLANG_WARN_DOCUMENTATION_COMMENTS = YES;
				CLANG_WARN_EMPTY_BODY = YES;
				CLANG_WARN_ENUM_CONVERSION = YES;
				CLANG_WARN_INFINITE_RECURSION = YES;
				CLANG_WARN_INT_CONVERSION = YES;
				CLANG_WARN_OBJC_ROOT_CLASS = YES_ERROR;
				CLANG_WARN_SUSPICIOUS_MOVE = YES;
				CLANG_WARN_UNREACHABLE_CODE = YES;
				CLANG_WARN__DUPLICATE_METHOD_MATCH = YES;
				"CODE_SIGN_IDENTITY[sdk=iphoneos*]" = "iPhone Developer";
				COPY_PHASE_STRIP = NO;
				DEBUG_INFORMATION_FORMAT = dwarf;
				ENABLE_STRICT_OBJC_MSGSEND = YES;
				ENABLE_TESTABILITY = YES;
				GCC_C_LANGUAGE_STANDARD = gnu99;
				GCC_DYNAMIC_NO_PIC = NO;
				GCC_NO_COMMON_BLOCKS = YES;
				GCC_OPTIMIZATION_LEVEL = 0;
				GCC_PREPROCESSOR_DEFINITIONS = (
					"DEBUG=1",
					"$(inherited)",
				);
				GCC_WARN_64_TO_32_BIT_CONVERSION = YES;
				GCC_WARN_ABOUT_RETURN_TYPE = YES_ERROR;
				GCC_WARN_UNDECLARED_SELECTOR = YES;
				GCC_WARN_UNINITIALIZED_AUTOS = YES_AGGRESSIVE;
				GCC_WARN_UNUSED_FUNCTION = YES;
				GCC_WARN_UNUSED_VARIABLE = YES;
				IPHONEOS_DEPLOYMENT_TARGET = 10.3;
				MTL_ENABLE_DEBUG_INFO = YES;
				ONLY_ACTIVE_ARCH = YES;
				SDKROOT = iphoneos;
				TARGETED_DEVICE_FAMILY = "1,2";
			};
			name = Debug;
		};
		907729861EAF950200A9E6B6 /* Release */ = {
			isa = XCBuildConfiguration;
			buildSettings = {
				ALWAYS_SEARCH_USER_PATHS = NO;
				CLANG_ANALYZER_NONNULL = YES;
				CLANG_ANALYZER_NUMBER_OBJECT_CONVERSION = YES_AGGRESSIVE;
				CLANG_CXX_LANGUAGE_STANDARD = "gnu++0x";
				CLANG_CXX_LIBRARY = "libc++";
				CLANG_ENABLE_MODULES = YES;
				CLANG_ENABLE_OBJC_ARC = YES;
				CLANG_WARN_BOOL_CONVERSION = YES;
				CLANG_WARN_CONSTANT_CONVERSION = YES;
				CLANG_WARN_DIRECT_OBJC_ISA_USAGE = YES_ERROR;
				CLANG_WARN_DOCUMENTATION_COMMENTS = YES;
				CLANG_WARN_EMPTY_BODY = YES;
				CLANG_WARN_ENUM_CONVERSION = YES;
				CLANG_WARN_INFINITE_RECURSION = YES;
				CLANG_WARN_INT_CONVERSION = YES;
				CLANG_WARN_OBJC_ROOT_CLASS = YES_ERROR;
				CLANG_WARN_SUSPICIOUS_MOVE = YES;
				CLANG_WARN_UNREACHABLE_CODE = YES;
				CLANG_WARN__DUPLICATE_METHOD_MATCH = YES;
				"CODE_SIGN_IDENTITY[sdk=iphoneos*]" = "iPhone Developer";
				COPY_PHASE_STRIP = NO;
				DEBUG_INFORMATION_FORMAT = "dwarf-with-dsym";
				ENABLE_NS_ASSERTIONS = NO;
				ENABLE_STRICT_OBJC_MSGSEND = YES;
				GCC_C_LANGUAGE_STANDARD = gnu99;
				GCC_NO_COMMON_BLOCKS = YES;
				GCC_WARN_64_TO_32_BIT_CONVERSION = YES;
				GCC_WARN_ABOUT_RETURN_TYPE = YES_ERROR;
				GCC_WARN_UNDECLARED_SELECTOR = YES;
				GCC_WARN_UNINITIALIZED_AUTOS = YES_AGGRESSIVE;
				GCC_WARN_UNUSED_FUNCTION = YES;
				GCC_WARN_UNUSED_VARIABLE = YES;
				IPHONEOS_DEPLOYMENT_TARGET = 10.3;
				MTL_ENABLE_DEBUG_INFO = NO;
				SDKROOT = iphoneos;
				TARGETED_DEVICE_FAMILY = "1,2";
				VALIDATE_PRODUCT = YES;
			};
			name = Release;
		};
		907729881EAF950200A9E6B6 /* Debug */ = {
			isa = XCBuildConfiguration;
			buildSettings = {
				ASSETCATALOG_COMPILER_APPICON_NAME = AppIcon;
				INFOPLIST_FILE = CollectEmAll/Info.plist;
				LD_RUNPATH_SEARCH_PATHS = "$(inherited) @executable_path/Frameworks";
				PRODUCT_BUNDLE_IDENTIFIER = "The-Iron-Yard.CollectEmAll";
				PRODUCT_NAME = "$(TARGET_NAME)";
			};
			name = Debug;
		};
		907729891EAF950200A9E6B6 /* Release */ = {
			isa = XCBuildConfiguration;
			buildSettings = {
				ASSETCATALOG_COMPILER_APPICON_NAME = AppIcon;
				INFOPLIST_FILE = CollectEmAll/Info.plist;
				LD_RUNPATH_SEARCH_PATHS = "$(inherited) @executable_path/Frameworks";
				PRODUCT_BUNDLE_IDENTIFIER = "The-Iron-Yard.CollectEmAll";
				PRODUCT_NAME = "$(TARGET_NAME)";
			};
			name = Release;
		};
		9077298B1EAF950200A9E6B6 /* Debug */ = {
			isa = XCBuildConfiguration;
			buildSettings = {
				BUNDLE_LOADER = "$(TEST_HOST)";
				INFOPLIST_FILE = CollectEmAllTests/Info.plist;
				LD_RUNPATH_SEARCH_PATHS = "$(inherited) @executable_path/Frameworks @loader_path/Frameworks";
				PRODUCT_BUNDLE_IDENTIFIER = "The-Iron-Yard.CollectEmAllTests";
				PRODUCT_NAME = "$(TARGET_NAME)";
				TEST_HOST = "$(BUILT_PRODUCTS_DIR)/CollectEmAll.app/CollectEmAll";
			};
			name = Debug;
		};
		9077298C1EAF950200A9E6B6 /* Release */ = {
			isa = XCBuildConfiguration;
			buildSettings = {
				BUNDLE_LOADER = "$(TEST_HOST)";
				INFOPLIST_FILE = CollectEmAllTests/Info.plist;
				LD_RUNPATH_SEARCH_PATHS = "$(inherited) @executable_path/Frameworks @loader_path/Frameworks";
				PRODUCT_BUNDLE_IDENTIFIER = "The-Iron-Yard.CollectEmAllTests";
				PRODUCT_NAME = "$(TARGET_NAME)";
				TEST_HOST = "$(BUILT_PRODUCTS_DIR)/CollectEmAll.app/CollectEmAll";
			};
			name = Release;
		};
		9077298E1EAF950200A9E6B6 /* Debug */ = {
			isa = XCBuildConfiguration;
			buildSettings = {
				INFOPLIST_FILE = CollectEmAllUITests/Info.plist;
				LD_RUNPATH_SEARCH_PATHS = "$(inherited) @executable_path/Frameworks @loader_path/Frameworks";
				PRODUCT_BUNDLE_IDENTIFIER = "The-Iron-Yard.CollectEmAllUITests";
				PRODUCT_NAME = "$(TARGET_NAME)";
				TEST_TARGET_NAME = CollectEmAll;
			};
			name = Debug;
		};
		9077298F1EAF950200A9E6B6 /* Release */ = {
			isa = XCBuildConfiguration;
			buildSettings = {
				INFOPLIST_FILE = CollectEmAllUITests/Info.plist;
				LD_RUNPATH_SEARCH_PATHS = "$(inherited) @executable_path/Frameworks @loader_path/Frameworks";
				PRODUCT_BUNDLE_IDENTIFIER = "The-Iron-Yard.CollectEmAllUITests";
				PRODUCT_NAME = "$(TARGET_NAME)";
				TEST_TARGET_NAME = CollectEmAll;
			};
			name = Release;
		};
/* End XCBuildConfiguration section */

/* Begin XCConfigurationList section */
		907729521EAF950200A9E6B6 /* Build configuration list for PBXProject "CollectEmAll" */ = {
			isa = XCConfigurationList;
			buildConfigurations = (
				907729851EAF950200A9E6B6 /* Debug */,
				907729861EAF950200A9E6B6 /* Release */,
			);
			defaultConfigurationIsVisible = 0;
			defaultConfigurationName = Release;
		};
		907729871EAF950200A9E6B6 /* Build configuration list for PBXNativeTarget "CollectEmAll" */ = {
			isa = XCConfigurationList;
			buildConfigurations = (
				907729881EAF950200A9E6B6 /* Debug */,
				907729891EAF950200A9E6B6 /* Release */,
			);
			defaultConfigurationIsVisible = 0;
		};
		9077298A1EAF950200A9E6B6 /* Build configuration list for PBXNativeTarget "CollectEmAllTests" */ = {
			isa = XCConfigurationList;
			buildConfigurations = (
				9077298B1EAF950200A9E6B6 /* Debug */,
				9077298C1EAF950200A9E6B6 /* Release */,
			);
			defaultConfigurationIsVisible = 0;
		};
		9077298D1EAF950200A9E6B6 /* Build configuration list for PBXNativeTarget "CollectEmAllUITests" */ = {
			isa = XCConfigurationList;
			buildConfigurations = (
				9077298E1EAF950200A9E6B6 /* Debug */,
				9077298F1EAF950200A9E6B6 /* Release */,
			);
			defaultConfigurationIsVisible = 0;
		};
/* End XCConfigurationList section */
	};
	rootObject = 9077294F1EAF950200A9E6B6 /* Project object */;
}
